
Microsoft Visual Studio Solution File, Format Version 12.00
# Visual Studio Version 16
VisualStudioVersion = 16.0.29728.190
MinimumVisualStudioVersion = 10.0.40219.1
Project("{FAE04EC0-301F-11D3-BF4B-00C04F79EFBC}") = "ToDoList.Web", "ToDoList.Web\ToDoList.Web.csproj", "{CDB2928A-1DE2-46AD-9D06-8C740FC97452}"
EndProject
Project("{FAE04EC0-301F-11D3-BF4B-00C04F79EFBC}") = "ToDoList.UnitTests", "ToDoList.UnitTests\ToDoList.UnitTests.csproj", "{1E96BD39-DBA5-462B-A7CD-EFB88BAAA7DA}"
EndProject
Global
	GlobalSection(SolutionConfigurationPlatforms) = preSolution
		Debug|Any CPU = Debug|Any CPU
		Release|Any CPU = Release|Any CPU
	EndGlobalSection
	GlobalSection(ProjectConfigurationPlatforms) = postSolution
		{CDB2928A-1DE2-46AD-9D06-8C740FC97452}.Debug|Any CPU.ActiveCfg = Debug|Any CPU
		{CDB2928A-1DE2-46AD-9D06-8C740FC97452}.Debug|Any CPU.Build.0 = Debug|Any CPU
		{CDB2928A-1DE2-46AD-9D06-8C740FC97452}.Release|Any CPU.ActiveCfg = Release|Any CPU
		{CDB2928A-1DE2-46AD-9D06-8C740FC97452}.Release|Any CPU.Build.0 = Release|Any CPU
		{1E96BD39-DBA5-462B-A7CD-EFB88BAAA7DA}.Debug|Any CPU.ActiveCfg = Debug|Any CPU
		{1E96BD39-DBA5-462B-A7CD-EFB88BAAA7DA}.Debug|Any CPU.Build.0 = Debug|Any CPU
		{1E96BD39-DBA5-462B-A7CD-EFB88BAAA7DA}.Release|Any CPU.ActiveCfg = Release|Any CPU
		{1E96BD39-DBA5-462B-A7CD-EFB88BAAA7DA}.Release|Any CPU.Build.0 = Release|Any CPU
	EndGlobalSection
	GlobalSection(SolutionProperties) = preSolution
		HideSolutionNode = FALSE
	EndGlobalSection
	GlobalSection(ExtensibilityGlobals) = postSolution
		SolutionGuid = {7CE6F93E-C6A7-45FE-958B-A6CE67659BA8}
	EndGlobalSection
EndGlobal
